// !$*UTF8*$!
{
	archiveVersion = 1;
	classes = {
	};
	objectVersion = 50;
	objects = {

/* Begin PBXBuildFile section */
		D92FC7D0214A4BB800EED089 /* UICollectionViewExtension.swift in Sources */ = {isa = PBXBuildFile; fileRef = D92FC7CF214A4BB800EED089 /* UICollectionViewExtension.swift */; };
		D92FC7D3214A4BF600EED089 /* ReusableView.swift in Sources */ = {isa = PBXBuildFile; fileRef = D92FC7D2214A4BF600EED089 /* ReusableView.swift */; };
		D9BA9353214904B70035014F /* AppDelegate.swift in Sources */ = {isa = PBXBuildFile; fileRef = D9BA9352214904B70035014F /* AppDelegate.swift */; };
		D9BA9355214904B70035014F /* ViewController.swift in Sources */ = {isa = PBXBuildFile; fileRef = D9BA9354214904B70035014F /* ViewController.swift */; };
		D9BA9358214904B70035014F /* Main.storyboard in Resources */ = {isa = PBXBuildFile; fileRef = D9BA9356214904B70035014F /* Main.storyboard */; };
		D9BA935A214904CC0035014F /* Assets.xcassets in Resources */ = {isa = PBXBuildFile; fileRef = D9BA9359214904CC0035014F /* Assets.xcassets */; };
		D9BA935D214904CC0035014F /* LaunchScreen.storyboard in Resources */ = {isa = PBXBuildFile; fileRef = D9BA935B214904CC0035014F /* LaunchScreen.storyboard */; };
		D9BA93652149055F0035014F /* CalendarDayModel.swift in Sources */ = {isa = PBXBuildFile; fileRef = D9BA93642149055F0035014F /* CalendarDayModel.swift */; };
		D9BA93672149056C0035014F /* CalendarMonthModel.swift in Sources */ = {isa = PBXBuildFile; fileRef = D9BA93662149056B0035014F /* CalendarMonthModel.swift */; };
		D9BA9369214905730035014F /* CalendarPresenter.swift in Sources */ = {isa = PBXBuildFile; fileRef = D9BA9368214905730035014F /* CalendarPresenter.swift */; };
		D9BA936B2149057F0035014F /* CalendarView.swift in Sources */ = {isa = PBXBuildFile; fileRef = D9BA936A2149057E0035014F /* CalendarView.swift */; };
		D9BA936D2149059A0035014F /* OneDayCollectionViewCell.swift in Sources */ = {isa = PBXBuildFile; fileRef = D9BA936C214905980035014F /* OneDayCollectionViewCell.swift */; };
		D9BA936F214905CE0035014F /* OneMonthCollectionViewCell.swift in Sources */ = {isa = PBXBuildFile; fileRef = D9BA936E214905CE0035014F /* OneMonthCollectionViewCell.swift */; };
		D9BA9371214905D70035014F /* OneMonthCollectionViewCell.xib in Resources */ = {isa = PBXBuildFile; fileRef = D9BA9370214905D60035014F /* OneMonthCollectionViewCell.xib */; };
		D9BA93732149086E0035014F /* DateExtension.swift in Sources */ = {isa = PBXBuildFile; fileRef = D9BA93722149086E0035014F /* DateExtension.swift */; };
		D9BA9375214908A80035014F /* DateFormatterExtension.swift in Sources */ = {isa = PBXBuildFile; fileRef = D9BA9374214908A80035014F /* DateFormatterExtension.swift */; };
		D9BA937721490C420035014F /* OneDayCollectionViewCell.xib in Resources */ = {isa = PBXBuildFile; fileRef = D9BA937621490C420035014F /* OneDayCollectionViewCell.xib */; };
/* End PBXBuildFile section */

/* Begin PBXFileReference section */
		D92FC7CF214A4BB800EED089 /* UICollectionViewExtension.swift */ = {isa = PBXFileReference; lastKnownFileType = sourcecode.swift; path = UICollectionViewExtension.swift; sourceTree = "<group>"; };
		D92FC7D2214A4BF600EED089 /* ReusableView.swift */ = {isa = PBXFileReference; lastKnownFileType = sourcecode.swift; path = ReusableView.swift; sourceTree = "<group>"; };
		D9BA934F214904B60035014F /* Calendar.app */ = {isa = PBXFileReference; explicitFileType = wrapper.application; includeInIndex = 0; path = Calendar.app; sourceTree = BUILT_PRODUCTS_DIR; };
		D9BA9352214904B70035014F /* AppDelegate.swift */ = {isa = PBXFileReference; lastKnownFileType = sourcecode.swift; path = AppDelegate.swift; sourceTree = "<group>"; };
		D9BA9354214904B70035014F /* ViewController.swift */ = {isa = PBXFileReference; lastKnownFileType = sourcecode.swift; path = ViewController.swift; sourceTree = "<group>"; };
		D9BA9357214904B70035014F /* Base */ = {isa = PBXFileReference; lastKnownFileType = file.storyboard; name = Base; path = Base.lproj/Main.storyboard; sourceTree = "<group>"; };
		D9BA9359214904CC0035014F /* Assets.xcassets */ = {isa = PBXFileReference; lastKnownFileType = folder.assetcatalog; path = Assets.xcassets; sourceTree = "<group>"; };
		D9BA935C214904CC0035014F /* Base */ = {isa = PBXFileReference; lastKnownFileType = file.storyboard; name = Base; path = Base.lproj/LaunchScreen.storyboard; sourceTree = "<group>"; };
		D9BA935E214904CC0035014F /* Info.plist */ = {isa = PBXFileReference; lastKnownFileType = text.plist.xml; path = Info.plist; sourceTree = "<group>"; };
		D9BA93642149055F0035014F /* CalendarDayModel.swift */ = {isa = PBXFileReference; fileEncoding = 4; lastKnownFileType = sourcecode.swift; path = CalendarDayModel.swift; sourceTree = "<group>"; };
		D9BA93662149056B0035014F /* CalendarMonthModel.swift */ = {isa = PBXFileReference; fileEncoding = 4; lastKnownFileType = sourcecode.swift; path = CalendarMonthModel.swift; sourceTree = "<group>"; };
		D9BA9368214905730035014F /* CalendarPresenter.swift */ = {isa = PBXFileReference; fileEncoding = 4; lastKnownFileType = sourcecode.swift; path = CalendarPresenter.swift; sourceTree = "<group>"; };
		D9BA936A2149057E0035014F /* CalendarView.swift */ = {isa = PBXFileReference; fileEncoding = 4; lastKnownFileType = sourcecode.swift; path = CalendarView.swift; sourceTree = "<group>"; };
		D9BA936C214905980035014F /* OneDayCollectionViewCell.swift */ = {isa = PBXFileReference; fileEncoding = 4; lastKnownFileType = sourcecode.swift; path = OneDayCollectionViewCell.swift; sourceTree = "<group>"; };
		D9BA936E214905CE0035014F /* OneMonthCollectionViewCell.swift */ = {isa = PBXFileReference; fileEncoding = 4; lastKnownFileType = sourcecode.swift; path = OneMonthCollectionViewCell.swift; sourceTree = "<group>"; };
		D9BA9370214905D60035014F /* OneMonthCollectionViewCell.xib */ = {isa = PBXFileReference; fileEncoding = 4; lastKnownFileType = file.xib; path = OneMonthCollectionViewCell.xib; sourceTree = "<group>"; };
		D9BA93722149086E0035014F /* DateExtension.swift */ = {isa = PBXFileReference; lastKnownFileType = sourcecode.swift; path = DateExtension.swift; sourceTree = "<group>"; };
		D9BA9374214908A80035014F /* DateFormatterExtension.swift */ = {isa = PBXFileReference; lastKnownFileType = sourcecode.swift; path = DateFormatterExtension.swift; sourceTree = "<group>"; };
		D9BA937621490C420035014F /* OneDayCollectionViewCell.xib */ = {isa = PBXFileReference; fileEncoding = 4; lastKnownFileType = file.xib; path = OneDayCollectionViewCell.xib; sourceTree = "<group>"; };
/* End PBXFileReference section */

/* Begin PBXFrameworksBuildPhase section */
		D9BA934C214904B60035014F /* Frameworks */ = {
			isa = PBXFrameworksBuildPhase;
			buildActionMask = 2147483647;
			files = (
			);
			runOnlyForDeploymentPostprocessing = 0;
		};
/* End PBXFrameworksBuildPhase section */

/* Begin PBXGroup section */
		D92FC7C7214A4AD800EED089 /* Views */ = {
			isa = PBXGroup;
			children = (
				D92FC7C8214A4AE100EED089 /* Calendar */,
			);
			path = Views;
			sourceTree = "<group>";
		};
		D92FC7C8214A4AE100EED089 /* Calendar */ = {
			isa = PBXGroup;
			children = (
				D9BA936A2149057E0035014F /* CalendarView.swift */,
				D9BA9368214905730035014F /* CalendarPresenter.swift */,
				D92FC7CA214A4B0D00EED089 /* Models */,
				D92FC7C9214A4AEA00EED089 /* Cells */,
			);
			path = Calendar;
			sourceTree = "<group>";
		};
		D92FC7C9214A4AEA00EED089 /* Cells */ = {
			isa = PBXGroup;
			children = (
				D9BA936C214905980035014F /* OneDayCollectionViewCell.swift */,
				D9BA936E214905CE0035014F /* OneMonthCollectionViewCell.swift */,
				D9BA937621490C420035014F /* OneDayCollectionViewCell.xib */,
				D9BA9370214905D60035014F /* OneMonthCollectionViewCell.xib */,
			);
			path = Cells;
			sourceTree = "<group>";
		};
		D92FC7CA214A4B0D00EED089 /* Models */ = {
			isa = PBXGroup;
			children = (
				D9BA93662149056B0035014F /* CalendarMonthModel.swift */,
				D9BA93642149055F0035014F /* CalendarDayModel.swift */,
			);
			path = Models;
			sourceTree = "<group>";
		};
		D92FC7CC214A4B3F00EED089 /* Presentation */ = {
			isa = PBXGroup;
			children = (
				D92FC7CD214A4B4900EED089 /* Controllers */,
				D9BA9356214904B70035014F /* Main.storyboard */,
			);
			path = Presentation;
			sourceTree = "<group>";
		};
		D92FC7CD214A4B4900EED089 /* Controllers */ = {
			isa = PBXGroup;
			children = (
				D9BA9354214904B70035014F /* ViewController.swift */,
			);
			path = Controllers;
			sourceTree = "<group>";
		};
		D92FC7CE214A4B6900EED089 /* Extensions */ = {
			isa = PBXGroup;
			children = (
				D9BA93722149086E0035014F /* DateExtension.swift */,
				D9BA9374214908A80035014F /* DateFormatterExtension.swift */,
				D92FC7CF214A4BB800EED089 /* UICollectionViewExtension.swift */,
			);
			path = Extensions;
			sourceTree = "<group>";
		};
		D92FC7D1214A4BD900EED089 /* Protocols */ = {
			isa = PBXGroup;
			children = (
				D92FC7D2214A4BF600EED089 /* ReusableView.swift */,
			);
			path = Protocols;
			sourceTree = "<group>";
		};
		D9BA9346214904B60035014F = {
			isa = PBXGroup;
			children = (
				D9BA9351214904B60035014F /* Calendar */,
				D9BA9350214904B60035014F /* Products */,
			);
			sourceTree = "<group>";
		};
		D9BA9350214904B60035014F /* Products */ = {
			isa = PBXGroup;
			children = (
				D9BA934F214904B60035014F /* Calendar.app */,
			);
			name = Products;
			sourceTree = "<group>";
		};
		D9BA9351214904B60035014F /* Calendar */ = {
			isa = PBXGroup;
			children = (
				D92FC7D1214A4BD900EED089 /* Protocols */,
				D92FC7CE214A4B6900EED089 /* Extensions */,
				D92FC7CC214A4B3F00EED089 /* Presentation */,
				D92FC7C7214A4AD800EED089 /* Views */,
				D9BA9352214904B70035014F /* AppDelegate.swift */,
				D9BA9359214904CC0035014F /* Assets.xcassets */,
				D9BA935B214904CC0035014F /* LaunchScreen.storyboard */,
				D9BA935E214904CC0035014F /* Info.plist */,
			);
			path = Calendar;
			sourceTree = "<group>";
		};
/* End PBXGroup section */

/* Begin PBXNativeTarget section */
		D9BA934E214904B60035014F /* Calendar */ = {
			isa = PBXNativeTarget;
			buildConfigurationList = D9BA9361214904CD0035014F /* Build configuration list for PBXNativeTarget "Calendar" */;
			buildPhases = (
				D9BA934B214904B60035014F /* Sources */,
				D9BA934C214904B60035014F /* Frameworks */,
				D9BA934D214904B60035014F /* Resources */,
			);
			buildRules = (
			);
			dependencies = (
			);
			name = Calendar;
			productName = Calendar;
			productReference = D9BA934F214904B60035014F /* Calendar.app */;
			productType = "com.apple.product-type.application";
		};
/* End PBXNativeTarget section */

/* Begin PBXProject section */
		D9BA9347214904B60035014F /* Project object */ = {
			isa = PBXProject;
			attributes = {
				LastSwiftUpdateCheck = 0940;
				LastUpgradeCheck = 0940;
				ORGANIZATIONNAME = Sasha;
				TargetAttributes = {
					D9BA934E214904B60035014F = {
						CreatedOnToolsVersion = 9.4.1;
					};
				};
			};
			buildConfigurationList = D9BA934A214904B60035014F /* Build configuration list for PBXProject "Calendar" */;
			compatibilityVersion = "Xcode 9.3";
			developmentRegion = en;
			hasScannedForEncodings = 0;
			knownRegions = (
				en,
				Base,
			);
			mainGroup = D9BA9346214904B60035014F;
			productRefGroup = D9BA9350214904B60035014F /* Products */;
			projectDirPath = "";
			projectRoot = "";
			targets = (
				D9BA934E214904B60035014F /* Calendar */,
			);
		};
/* End PBXProject section */

/* Begin PBXResourcesBuildPhase section */
		D9BA934D214904B60035014F /* Resources */ = {
			isa = PBXResourcesBuildPhase;
			buildActionMask = 2147483647;
			files = (
				D9BA935D214904CC0035014F /* LaunchScreen.storyboard in Resources */,
				D9BA935A214904CC0035014F /* Assets.xcassets in Resources */,
				D9BA9371214905D70035014F /* OneMonthCollectionViewCell.xib in Resources */,
				D9BA937721490C420035014F /* OneDayCollectionViewCell.xib in Resources */,
				D9BA9358214904B70035014F /* Main.storyboard in Resources */,
			);
			runOnlyForDeploymentPostprocessing = 0;
		};
/* End PBXResourcesBuildPhase section */

/* Begin PBXSourcesBuildPhase section */
		D9BA934B214904B60035014F /* Sources */ = {
			isa = PBXSourcesBuildPhase;
			buildActionMask = 2147483647;
			files = (
				D92FC7D0214A4BB800EED089 /* UICollectionViewExtension.swift in Sources */,
				D9BA93672149056C0035014F /* CalendarMonthModel.swift in Sources */,
				D9BA936D2149059A0035014F /* OneDayCollectionViewCell.swift in Sources */,
				D92FC7D3214A4BF600EED089 /* ReusableView.swift in Sources */,
				D9BA9375214908A80035014F /* DateFormatterExtension.swift in Sources */,
				D9BA93652149055F0035014F /* CalendarDayModel.swift in Sources */,
				D9BA936B2149057F0035014F /* CalendarView.swift in Sources */,
				D9BA93732149086E0035014F /* DateExtension.swift in Sources */,
				D9BA936F214905CE0035014F /* OneMonthCollectionViewCell.swift in Sources */,
				D9BA9355214904B70035014F /* ViewController.swift in Sources */,
				D9BA9369214905730035014F /* CalendarPresenter.swift in Sources */,
				D9BA9353214904B70035014F /* AppDelegate.swift in Sources */,
			);
			runOnlyForDeploymentPostprocessing = 0;
		};
/* End PBXSourcesBuildPhase section */

/* Begin PBXVariantGroup section */
		D9BA9356214904B70035014F /* Main.storyboard */ = {
			isa = PBXVariantGroup;
			children = (
				D9BA9357214904B70035014F /* Base */,
			);
			name = Main.storyboard;
			sourceTree = "<group>";
		};
		D9BA935B214904CC0035014F /* LaunchScreen.storyboard */ = {
			isa = PBXVariantGroup;
			children = (
				D9BA935C214904CC0035014F /* Base */,
			);
			name = LaunchScreen.storyboard;
			sourceTree = "<group>";
		};
/* End PBXVariantGroup section */

/* Begin XCBuildConfiguration section */
		D9BA935F214904CD0035014F /* Debug */ = {
			isa = XCBuildConfiguration;
			buildSettings = {
				ALWAYS_SEARCH_USER_PATHS = NO;
				CLANG_ANALYZER_NONNULL = YES;
				CLANG_ANALYZER_NUMBER_OBJECT_CONVERSION = YES_AGGRESSIVE;
				CLANG_CXX_LANGUAGE_STANDARD = "gnu++14";
				CLANG_CXX_LIBRARY = "libc++";
				CLANG_ENABLE_MODULES = YES;
				CLANG_ENABLE_OBJC_ARC = YES;
				CLANG_ENABLE_OBJC_WEAK = YES;
				CLANG_WARN_BLOCK_CAPTURE_AUTORELEASING = YES;
				CLANG_WARN_BOOL_CONVERSION = YES;
				CLANG_WARN_COMMA = YES;
				CLANG_WARN_CONSTANT_CONVERSION = YES;
				CLANG_WARN_DEPRECATED_OBJC_IMPLEMENTATIONS = YES;
				CLANG_WARN_DIRECT_OBJC_ISA_USAGE = YES_ERROR;
				CLANG_WARN_DOCUMENTATION_COMMENTS = YES;
				CLANG_WARN_EMPTY_BODY = YES;
				CLANG_WARN_ENUM_CONVERSION = YES;
				CLANG_WARN_INFINITE_RECURSION = YES;
				CLANG_WARN_INT_CONVERSION = YES;
				CLANG_WARN_NON_LITERAL_NULL_CONVERSION = YES;
				CLANG_WARN_OBJC_IMPLICIT_RETAIN_SELF = YES;
				CLANG_WARN_OBJC_LITERAL_CONVERSION = YES;
				CLANG_WARN_OBJC_ROOT_CLASS = YES_ERROR;
				CLANG_WARN_RANGE_LOOP_ANALYSIS = YES;
				CLANG_WARN_STRICT_PROTOTYPES = YES;
				CLANG_WARN_SUSPICIOUS_MOVE = YES;
				CLANG_WARN_UNGUARDED_AVAILABILITY = YES_AGGRESSIVE;
				CLANG_WARN_UNREACHABLE_CODE = YES;
				CLANG_WARN__DUPLICATE_METHOD_MATCH = YES;
				CODE_SIGN_IDENTITY = "iPhone Developer";
				COPY_PHASE_STRIP = NO;
				DEBUG_INFORMATION_FORMAT = dwarf;
				ENABLE_STRICT_OBJC_MSGSEND = YES;
				ENABLE_TESTABILITY = YES;
				GCC_C_LANGUAGE_STANDARD = gnu11;
				GCC_DYNAMIC_NO_PIC = NO;
				GCC_NO_COMMON_BLOCKS = YES;
				GCC_OPTIMIZATION_LEVEL = 0;
				GCC_PREPROCESSOR_DEFINITIONS = (
					"DEBUG=1",
					"$(inherited)",
				);
				GCC_WARN_64_TO_32_BIT_CONVERSION = YES;
				GCC_WARN_ABOUT_RETURN_TYPE = YES_ERROR;
				GCC_WARN_UNDECLARED_SELECTOR = YES;
				GCC_WARN_UNINITIALIZED_AUTOS = YES_AGGRESSIVE;
				GCC_WARN_UNUSED_FUNCTION = YES;
				GCC_WARN_UNUSED_VARIABLE = YES;
				IPHONEOS_DEPLOYMENT_TARGET = 11.4;
				MTL_ENABLE_DEBUG_INFO = YES;
				ONLY_ACTIVE_ARCH = YES;
				SDKROOT = iphoneos;
				SWIFT_ACTIVE_COMPILATION_CONDITIONS = DEBUG;
				SWIFT_OPTIMIZATION_LEVEL = "-Onone";
			};
			name = Debug;
		};
		D9BA9360214904CD0035014F /* Release */ = {
			isa = XCBuildConfiguration;
			buildSettings = {
				ALWAYS_SEARCH_USER_PATHS = NO;
				CLANG_ANALYZER_NONNULL = YES;
				CLANG_ANALYZER_NUMBER_OBJECT_CONVERSION = YES_AGGRESSIVE;
				CLANG_CXX_LANGUAGE_STANDARD = "gnu++14";
				CLANG_CXX_LIBRARY = "libc++";
				CLANG_ENABLE_MODULES = YES;
				CLANG_ENABLE_OBJC_ARC = YES;
				CLANG_ENABLE_OBJC_WEAK = YES;
				CLANG_WARN_BLOCK_CAPTURE_AUTORELEASING = YES;
				CLANG_WARN_BOOL_CONVERSION = YES;
				CLANG_WARN_COMMA = YES;
				CLANG_WARN_CONSTANT_CONVERSION = YES;
				CLANG_WARN_DEPRECATED_OBJC_IMPLEMENTATIONS = YES;
				CLANG_WARN_DIRECT_OBJC_ISA_USAGE = YES_ERROR;
				CLANG_WARN_DOCUMENTATION_COMMENTS = YES;
				CLANG_WARN_EMPTY_BODY = YES;
				CLANG_WARN_ENUM_CONVERSION = YES;
				CLANG_WARN_INFINITE_RECURSION = YES;
				CLANG_WARN_INT_CONVERSION = YES;
				CLANG_WARN_NON_LITERAL_NULL_CONVERSION = YES;
				CLANG_WARN_OBJC_IMPLICIT_RETAIN_SELF = YES;
				CLANG_WARN_OBJC_LITERAL_CONVERSION = YES;
				CLANG_WARN_OBJC_ROOT_CLASS = YES_ERROR;
				CLANG_WARN_RANGE_LOOP_ANALYSIS = YES;
				CLANG_WARN_STRICT_PROTOTYPES = YES;
				CLANG_WARN_SUSPICIOUS_MOVE = YES;
				CLANG_WARN_UNGUARDED_AVAILABILITY = YES_AGGRESSIVE;
				CLANG_WARN_UNREACHABLE_CODE = YES;
				CLANG_WARN__DUPLICATE_METHOD_MATCH = YES;
				CODE_SIGN_IDENTITY = "iPhone Developer";
				COPY_PHASE_STRIP = NO;
				DEBUG_INFORMATION_FORMAT = "dwarf-with-dsym";
				ENABLE_NS_ASSERTIONS = NO;
				ENABLE_STRICT_OBJC_MSGSEND = YES;
				GCC_C_LANGUAGE_STANDARD = gnu11;
				GCC_NO_COMMON_BLOCKS = YES;
				GCC_WARN_64_TO_32_BIT_CONVERSION = YES;
				GCC_WARN_ABOUT_RETURN_TYPE = YES_ERROR;
				GCC_WARN_UNDECLARED_SELECTOR = YES;
				GCC_WARN_UNINITIALIZED_AUTOS = YES_AGGRESSIVE;
				GCC_WARN_UNUSED_FUNCTION = YES;
				GCC_WARN_UNUSED_VARIABLE = YES;
				IPHONEOS_DEPLOYMENT_TARGET = 11.4;
				MTL_ENABLE_DEBUG_INFO = NO;
				SDKROOT = iphoneos;
				SWIFT_COMPILATION_MODE = wholemodule;
				SWIFT_OPTIMIZATION_LEVEL = "-O";
				VALIDATE_PRODUCT = YES;
			};
			name = Release;
		};
		D9BA9362214904CD0035014F /* Debug */ = {
			isa = XCBuildConfiguration;
			buildSettings = {
				ASSETCATALOG_COMPILER_APPICON_NAME = AppIcon;
				CODE_SIGN_STYLE = Automatic;
				DEVELOPMENT_TEAM = 94P3Z2H78M;
				INFOPLIST_FILE = Calendar/Info.plist;
				LD_RUNPATH_SEARCH_PATHS = (
					"$(inherited)",
					"@executable_path/Frameworks",
				);
				PRODUCT_BUNDLE_IDENTIFIER = "-.Calendar";
				PRODUCT_NAME = "$(TARGET_NAME)";
				SWIFT_VERSION = 4.0;
				TARGETED_DEVICE_FAMILY = "1,2";
			};
			name = Debug;
		};
		D9BA9363214904CD0035014F /* Release */ = {
			isa = XCBuildConfiguration;
			buildSettings = {
				ASSETCATALOG_COMPILER_APPICON_NAME = AppIcon;
				CODE_SIGN_STYLE = Automatic;
				DEVELOPMENT_TEAM = 94P3Z2H78M;
				INFOPLIST_FILE = Calendar/Info.plist;
				LD_RUNPATH_SEARCH_PATHS = (
					"$(inherited)",
					"@executable_path/Frameworks",
				);
				PRODUCT_BUNDLE_IDENTIFIER = "-.Calendar";
				PRODUCT_NAME = "$(TARGET_NAME)";
				SWIFT_VERSION = 4.0;
				TARGETED_DEVICE_FAMILY = "1,2";
			};
			name = Release;
		};
/* End XCBuildConfiguration section */

/* Begin XCConfigurationList section */
		D9BA934A214904B60035014F /* Build configuration list for PBXProject "Calendar" */ = {
			isa = XCConfigurationList;
			buildConfigurations = (
				D9BA935F214904CD0035014F /* Debug */,
				D9BA9360214904CD0035014F /* Release */,
			);
			defaultConfigurationIsVisible = 0;
			defaultConfigurationName = Release;
		};
		D9BA9361214904CD0035014F /* Build configuration list for PBXNativeTarget "Calendar" */ = {
			isa = XCConfigurationList;
			buildConfigurations = (
				D9BA9362214904CD0035014F /* Debug */,
				D9BA9363214904CD0035014F /* Release */,
			);
			defaultConfigurationIsVisible = 0;
			defaultConfigurationName = Release;
		};
/* End XCConfigurationList section */
	};
	rootObject = D9BA9347214904B60035014F /* Project object */;
}
